// !$*UTF8*$!
{
	archiveVersion = 1;
	classes = {
	};
	objectVersion = 50;
	objects = {

/* Begin PBXBuildFile section */
		DA02A70020F3A7EC003C06A4 /* AppDelegate.swift in Sources */ = {isa = PBXBuildFile; fileRef = DA02A6FF20F3A7EC003C06A4 /* AppDelegate.swift */; };
		DA02A70220F3A7EC003C06A4 /* GroupListViewController.swift in Sources */ = {isa = PBXBuildFile; fileRef = DA02A70120F3A7EC003C06A4 /* GroupListViewController.swift */; };
		DA02A70720F3A7EF003C06A4 /* HowMuch.xcassets in Resources */ = {isa = PBXBuildFile; fileRef = DA02A70620F3A7EF003C06A4 /* HowMuch.xcassets */; };
		DA02A70A20F3A7EF003C06A4 /* LaunchScreen.storyboard in Resources */ = {isa = PBXBuildFile; fileRef = DA02A70820F3A7EF003C06A4 /* LaunchScreen.storyboard */; };
		DA02A71520F3A7EF003C06A4 /* HowMuchTests.swift in Sources */ = {isa = PBXBuildFile; fileRef = DA02A71420F3A7EF003C06A4 /* HowMuchTests.swift */; };
		DA02A72A20F3AAE2003C06A4 /* Main.storyboard in Resources */ = {isa = PBXBuildFile; fileRef = DA02A72920F3AAE2003C06A4 /* Main.storyboard */; };
		DA02A73720F3AC8A003C06A4 /* AddGroupViewController.swift in Sources */ = {isa = PBXBuildFile; fileRef = DA02A73620F3AC8A003C06A4 /* AddGroupViewController.swift */; };
		DA051E2621073C6D003BD4F1 /* Style.swift in Sources */ = {isa = PBXBuildFile; fileRef = DA051E2521073C6D003BD4F1 /* Style.swift */; };
		DA051E28210752F2003BD4F1 /* PurchaseListViewController.swift in Sources */ = {isa = PBXBuildFile; fileRef = DA051E27210752F2003BD4F1 /* PurchaseListViewController.swift */; };
		DA265E9921075FF800C871B3 /* PurchaseItemCell.swift in Sources */ = {isa = PBXBuildFile; fileRef = DA265E9721075FF800C871B3 /* PurchaseItemCell.swift */; };
		DA265E9A21075FF800C871B3 /* PurchaseItemCell.xib in Resources */ = {isa = PBXBuildFile; fileRef = DA265E9821075FF800C871B3 /* PurchaseItemCell.xib */; };
		DA265E9E2108E30800C871B3 /* PurchaseViewController.swift in Sources */ = {isa = PBXBuildFile; fileRef = DA265E9D2108E30800C871B3 /* PurchaseViewController.swift */; };
		DA265EA22108F9E200C871B3 /* AddItemCell.swift in Sources */ = {isa = PBXBuildFile; fileRef = DA265EA02108F9E200C871B3 /* AddItemCell.swift */; };
		DA265EA32108F9E200C871B3 /* AddItemCell.xib in Resources */ = {isa = PBXBuildFile; fileRef = DA265EA12108F9E200C871B3 /* AddItemCell.xib */; };
		DA265EA9210A05CA00C871B3 /* PurchaseSectionHeaderView.swift in Sources */ = {isa = PBXBuildFile; fileRef = DA265EA8210A05CA00C871B3 /* PurchaseSectionHeaderView.swift */; };
		DA265EAB210A06C300C871B3 /* PurchaseSectionHeaderView.xib in Resources */ = {isa = PBXBuildFile; fileRef = DA265EAA210A06C300C871B3 /* PurchaseSectionHeaderView.xib */; };
		DA34F0CC2118B67D003B0D5E /* Constants.swift in Sources */ = {isa = PBXBuildFile; fileRef = DA34F0CB2118B67D003B0D5E /* Constants.swift */; };
		DA34F0CE2118BAD4003B0D5E /* Decimal+String.swift in Sources */ = {isa = PBXBuildFile; fileRef = DA34F0CD2118BAD4003B0D5E /* Decimal+String.swift */; };
		DA356B44210F027A0076D953 /* DataService.swift in Sources */ = {isa = PBXBuildFile; fileRef = DA356B43210F027A0076D953 /* DataService.swift */; };
		DA52934D2122D137002136FC /* GroupCell.swift in Sources */ = {isa = PBXBuildFile; fileRef = DA52934B2122D137002136FC /* GroupCell.swift */; };
		DA52934E2122D137002136FC /* GroupCell.xib in Resources */ = {isa = PBXBuildFile; fileRef = DA52934C2122D137002136FC /* GroupCell.xib */; };
		DA5293542125B1ED002136FC /* CurrencyControlCell.swift in Sources */ = {isa = PBXBuildFile; fileRef = DA5293522125B1ED002136FC /* CurrencyControlCell.swift */; };
		DA5293552125B1ED002136FC /* CurrencyControlCell.xib in Resources */ = {isa = PBXBuildFile; fileRef = DA5293532125B1ED002136FC /* CurrencyControlCell.xib */; };
		DA67118C20F48379000F98EB /* Purchase.swift in Sources */ = {isa = PBXBuildFile; fileRef = DA67118B20F48379000F98EB /* Purchase.swift */; };
		DA67118E20F48385000F98EB /* Group.swift in Sources */ = {isa = PBXBuildFile; fileRef = DA67118D20F48385000F98EB /* Group.swift */; };
		DA67119020F48390000F98EB /* Person.swift in Sources */ = {isa = PBXBuildFile; fileRef = DA67118F20F48390000F98EB /* Person.swift */; };
		DA8C139521147755002041E4 /* DebtDataService.swift in Sources */ = {isa = PBXBuildFile; fileRef = DA8C139421147755002041E4 /* DebtDataService.swift */; };
		DAD6B67420F665BD00E453DD /* NameInputCell.swift in Sources */ = {isa = PBXBuildFile; fileRef = DAD6B67220F665BD00E453DD /* NameInputCell.swift */; };
		DAD6B67520F665BD00E453DD /* NameInputCell.xib in Resources */ = {isa = PBXBuildFile; fileRef = DAD6B67320F665BD00E453DD /* NameInputCell.xib */; };
		DAD6B67B20F6661300E453DD /* AddButtonCell.swift in Sources */ = {isa = PBXBuildFile; fileRef = DAD6B67920F6661300E453DD /* AddButtonCell.swift */; };
		DAD6B67C20F6661300E453DD /* AddButtonCell.xib in Resources */ = {isa = PBXBuildFile; fileRef = DAD6B67A20F6661300E453DD /* AddButtonCell.xib */; };
		DAD6B68620F7E59000E453DD /* Reusable.swift in Sources */ = {isa = PBXBuildFile; fileRef = DAD6B68520F7E59000E453DD /* Reusable.swift */; };
		DAD8FA712105BB91009D7049 /* PersonDataService.swift in Sources */ = {isa = PBXBuildFile; fileRef = DAD8FA702105BB91009D7049 /* PersonDataService.swift */; };
/* End PBXBuildFile section */

/* Begin PBXContainerItemProxy section */
		DA02A71120F3A7EF003C06A4 /* PBXContainerItemProxy */ = {
			isa = PBXContainerItemProxy;
			containerPortal = DA02A6F420F3A7EC003C06A4 /* Project object */;
			proxyType = 1;
			remoteGlobalIDString = DA02A6FB20F3A7EC003C06A4;
			remoteInfo = HowMuch;
		};
/* End PBXContainerItemProxy section */

/* Begin PBXFileReference section */
		DA02A6FC20F3A7EC003C06A4 /* HowMuch.app */ = {isa = PBXFileReference; explicitFileType = wrapper.application; includeInIndex = 0; path = HowMuch.app; sourceTree = BUILT_PRODUCTS_DIR; };
		DA02A6FF20F3A7EC003C06A4 /* AppDelegate.swift */ = {isa = PBXFileReference; lastKnownFileType = sourcecode.swift; path = AppDelegate.swift; sourceTree = "<group>"; };
		DA02A70120F3A7EC003C06A4 /* GroupListViewController.swift */ = {isa = PBXFileReference; lastKnownFileType = sourcecode.swift; path = GroupListViewController.swift; sourceTree = "<group>"; };
		DA02A70620F3A7EF003C06A4 /* HowMuch.xcassets */ = {isa = PBXFileReference; lastKnownFileType = folder.assetcatalog; path = HowMuch.xcassets; sourceTree = "<group>"; };
		DA02A70920F3A7EF003C06A4 /* Base */ = {isa = PBXFileReference; lastKnownFileType = file.storyboard; name = Base; path = Base.lproj/LaunchScreen.storyboard; sourceTree = "<group>"; };
		DA02A70B20F3A7EF003C06A4 /* Info.plist */ = {isa = PBXFileReference; lastKnownFileType = text.plist.xml; path = Info.plist; sourceTree = "<group>"; };
		DA02A71020F3A7EF003C06A4 /* HowMuchTests.xctest */ = {isa = PBXFileReference; explicitFileType = wrapper.cfbundle; includeInIndex = 0; path = HowMuchTests.xctest; sourceTree = BUILT_PRODUCTS_DIR; };
		DA02A71420F3A7EF003C06A4 /* HowMuchTests.swift */ = {isa = PBXFileReference; lastKnownFileType = sourcecode.swift; path = HowMuchTests.swift; sourceTree = "<group>"; };
		DA02A71620F3A7EF003C06A4 /* Info.plist */ = {isa = PBXFileReference; lastKnownFileType = text.plist.xml; path = Info.plist; sourceTree = "<group>"; };
		DA02A72920F3AAE2003C06A4 /* Main.storyboard */ = {isa = PBXFileReference; lastKnownFileType = file.storyboard; path = Main.storyboard; sourceTree = "<group>"; };
		DA02A73620F3AC8A003C06A4 /* AddGroupViewController.swift */ = {isa = PBXFileReference; lastKnownFileType = sourcecode.swift; path = AddGroupViewController.swift; sourceTree = "<group>"; };
		DA051E2521073C6D003BD4F1 /* Style.swift */ = {isa = PBXFileReference; lastKnownFileType = sourcecode.swift; path = Style.swift; sourceTree = "<group>"; };
		DA051E27210752F2003BD4F1 /* PurchaseListViewController.swift */ = {isa = PBXFileReference; lastKnownFileType = sourcecode.swift; path = PurchaseListViewController.swift; sourceTree = "<group>"; };
		DA265E9721075FF800C871B3 /* PurchaseItemCell.swift */ = {isa = PBXFileReference; lastKnownFileType = sourcecode.swift; path = PurchaseItemCell.swift; sourceTree = "<group>"; };
		DA265E9821075FF800C871B3 /* PurchaseItemCell.xib */ = {isa = PBXFileReference; lastKnownFileType = file.xib; path = PurchaseItemCell.xib; sourceTree = "<group>"; };
		DA265E9D2108E30800C871B3 /* PurchaseViewController.swift */ = {isa = PBXFileReference; lastKnownFileType = sourcecode.swift; path = PurchaseViewController.swift; sourceTree = "<group>"; };
		DA265EA02108F9E200C871B3 /* AddItemCell.swift */ = {isa = PBXFileReference; lastKnownFileType = sourcecode.swift; path = AddItemCell.swift; sourceTree = "<group>"; };
		DA265EA12108F9E200C871B3 /* AddItemCell.xib */ = {isa = PBXFileReference; lastKnownFileType = file.xib; path = AddItemCell.xib; sourceTree = "<group>"; };
		DA265EA8210A05CA00C871B3 /* PurchaseSectionHeaderView.swift */ = {isa = PBXFileReference; lastKnownFileType = sourcecode.swift; path = PurchaseSectionHeaderView.swift; sourceTree = "<group>"; };
		DA265EAA210A06C300C871B3 /* PurchaseSectionHeaderView.xib */ = {isa = PBXFileReference; lastKnownFileType = file.xib; path = PurchaseSectionHeaderView.xib; sourceTree = "<group>"; };
		DA34F0CB2118B67D003B0D5E /* Constants.swift */ = {isa = PBXFileReference; lastKnownFileType = sourcecode.swift; path = Constants.swift; sourceTree = "<group>"; };
		DA34F0CD2118BAD4003B0D5E /* Decimal+String.swift */ = {isa = PBXFileReference; lastKnownFileType = sourcecode.swift; path = "Decimal+String.swift"; sourceTree = "<group>"; };
		DA356B43210F027A0076D953 /* DataService.swift */ = {isa = PBXFileReference; lastKnownFileType = sourcecode.swift; path = DataService.swift; sourceTree = "<group>"; };
		DA52934B2122D137002136FC /* GroupCell.swift */ = {isa = PBXFileReference; fileEncoding = 4; lastKnownFileType = sourcecode.swift; name = GroupCell.swift; path = HowMuch/Code/Presentation/Groups/Cells/GroupCell/GroupCell.swift; sourceTree = SOURCE_ROOT; };
		DA52934C2122D137002136FC /* GroupCell.xib */ = {isa = PBXFileReference; fileEncoding = 4; lastKnownFileType = file.xib; name = GroupCell.xib; path = HowMuch/Code/Presentation/Groups/Cells/GroupCell/GroupCell.xib; sourceTree = SOURCE_ROOT; };
		DA5293522125B1ED002136FC /* CurrencyControlCell.swift */ = {isa = PBXFileReference; lastKnownFileType = sourcecode.swift; path = CurrencyControlCell.swift; sourceTree = "<group>"; };
		DA5293532125B1ED002136FC /* CurrencyControlCell.xib */ = {isa = PBXFileReference; lastKnownFileType = file.xib; path = CurrencyControlCell.xib; sourceTree = "<group>"; };
		DA67118B20F48379000F98EB /* Purchase.swift */ = {isa = PBXFileReference; lastKnownFileType = sourcecode.swift; path = Purchase.swift; sourceTree = "<group>"; };
		DA67118D20F48385000F98EB /* Group.swift */ = {isa = PBXFileReference; lastKnownFileType = sourcecode.swift; path = Group.swift; sourceTree = "<group>"; };
		DA67118F20F48390000F98EB /* Person.swift */ = {isa = PBXFileReference; lastKnownFileType = sourcecode.swift; path = Person.swift; sourceTree = "<group>"; };
		DA8C139421147755002041E4 /* DebtDataService.swift */ = {isa = PBXFileReference; lastKnownFileType = sourcecode.swift; path = DebtDataService.swift; sourceTree = "<group>"; };
		DAD6B67220F665BD00E453DD /* NameInputCell.swift */ = {isa = PBXFileReference; lastKnownFileType = sourcecode.swift; path = NameInputCell.swift; sourceTree = "<group>"; };
		DAD6B67320F665BD00E453DD /* NameInputCell.xib */ = {isa = PBXFileReference; lastKnownFileType = file.xib; path = NameInputCell.xib; sourceTree = "<group>"; };
		DAD6B67920F6661300E453DD /* AddButtonCell.swift */ = {isa = PBXFileReference; lastKnownFileType = sourcecode.swift; path = AddButtonCell.swift; sourceTree = "<group>"; };
		DAD6B67A20F6661300E453DD /* AddButtonCell.xib */ = {isa = PBXFileReference; lastKnownFileType = file.xib; path = AddButtonCell.xib; sourceTree = "<group>"; };
		DAD6B68520F7E59000E453DD /* Reusable.swift */ = {isa = PBXFileReference; lastKnownFileType = sourcecode.swift; path = Reusable.swift; sourceTree = "<group>"; };
		DAD8FA702105BB91009D7049 /* PersonDataService.swift */ = {isa = PBXFileReference; lastKnownFileType = sourcecode.swift; path = PersonDataService.swift; sourceTree = "<group>"; };
/* End PBXFileReference section */

/* Begin PBXFrameworksBuildPhase section */
		DA02A6F920F3A7EC003C06A4 /* Frameworks */ = {
			isa = PBXFrameworksBuildPhase;
			buildActionMask = 2147483647;
			files = (
			);
			runOnlyForDeploymentPostprocessing = 0;
		};
		DA02A70D20F3A7EF003C06A4 /* Frameworks */ = {
			isa = PBXFrameworksBuildPhase;
			buildActionMask = 2147483647;
			files = (
			);
			runOnlyForDeploymentPostprocessing = 0;
		};
/* End PBXFrameworksBuildPhase section */

/* Begin PBXGroup section */
		DA02A6F320F3A7EC003C06A4 = {
			isa = PBXGroup;
			children = (
				DA02A6FE20F3A7EC003C06A4 /* HowMuch */,
				DA02A71320F3A7EF003C06A4 /* HowMuchTests */,
				DA02A6FD20F3A7EC003C06A4 /* Products */,
			);
			sourceTree = "<group>";
		};
		DA02A6FD20F3A7EC003C06A4 /* Products */ = {
			isa = PBXGroup;
			children = (
				DA02A6FC20F3A7EC003C06A4 /* HowMuch.app */,
				DA02A71020F3A7EF003C06A4 /* HowMuchTests.xctest */,
			);
			name = Products;
			sourceTree = "<group>";
		};
		DA02A6FE20F3A7EC003C06A4 /* HowMuch */ = {
			isa = PBXGroup;
			children = (
				DA02A70B20F3A7EF003C06A4 /* Info.plist */,
				DA02A6FF20F3A7EC003C06A4 /* AppDelegate.swift */,
				DA67117D20F3F0E7000F98EB /* Code */,
				DA67117F20F3F107000F98EB /* Resources */,
			);
			path = HowMuch;
			sourceTree = "<group>";
		};
		DA02A71320F3A7EF003C06A4 /* HowMuchTests */ = {
			isa = PBXGroup;
			children = (
				DA02A71420F3A7EF003C06A4 /* HowMuchTests.swift */,
				DA02A71620F3A7EF003C06A4 /* Info.plist */,
			);
			path = HowMuchTests;
			sourceTree = "<group>";
		};
		DA265E9621075F6400C871B3 /* PurchaseItem */ = {
			isa = PBXGroup;
			children = (
				DA265E9721075FF800C871B3 /* PurchaseItemCell.swift */,
				DA265E9821075FF800C871B3 /* PurchaseItemCell.xib */,
			);
			path = PurchaseItem;
			sourceTree = "<group>";
		};
		DA265E9F2108F30C00C871B3 /* AddItem */ = {
			isa = PBXGroup;
			children = (
				DA265EA02108F9E200C871B3 /* AddItemCell.swift */,
				DA265EA12108F9E200C871B3 /* AddItemCell.xib */,
			);
			path = AddItem;
			sourceTree = "<group>";
		};
		DA265EA7210A058900C871B3 /* PurchaseSectionHeader */ = {
			isa = PBXGroup;
			children = (
				DA265EA8210A05CA00C871B3 /* PurchaseSectionHeaderView.swift */,
				DA265EAA210A06C300C871B3 /* PurchaseSectionHeaderView.xib */,
			);
			path = PurchaseSectionHeader;
			sourceTree = "<group>";
		};
		DA5293512125B170002136FC /* CurrencyControlCell */ = {
			isa = PBXGroup;
			children = (
				DA5293522125B1ED002136FC /* CurrencyControlCell.swift */,
				DA5293532125B1ED002136FC /* CurrencyControlCell.xib */,
			);
			path = CurrencyControlCell;
			sourceTree = "<group>";
		};
		DA67117D20F3F0E7000F98EB /* Code */ = {
			isa = PBXGroup;
			children = (
				DAD6B68220F7DEF100E453DD /* Common */,
				DA67118A20F48351000F98EB /* Models */,
				DAD6B68720F92D8200E453DD /* Services */,
				DA67117E20F3F0FA000F98EB /* Presentation */,
			);
			path = Code;
			sourceTree = "<group>";
		};
		DA67117E20F3F0FA000F98EB /* Presentation */ = {
			isa = PBXGroup;
			children = (
				DA02A70820F3A7EF003C06A4 /* LaunchScreen.storyboard */,
				DA02A72920F3AAE2003C06A4 /* Main.storyboard */,
				DA67118420F3F215000F98EB /* AddGroup */,
				DA67118020F3F19D000F98EB /* Groups */,
			);
			path = Presentation;
			sourceTree = "<group>";
		};
		DA67117F20F3F107000F98EB /* Resources */ = {
			isa = PBXGroup;
			children = (
				DA02A70620F3A7EF003C06A4 /* HowMuch.xcassets */,
			);
			path = Resources;
			sourceTree = "<group>";
		};
		DA67118020F3F19D000F98EB /* Groups */ = {
			isa = PBXGroup;
			children = (
				DA67118320F3F1E0000F98EB /* ViewControllers */,
				DA94DA0F2102026200A4CC65 /* Cells */,
				DA94DA1F2102347F00A4CC65 /* Views */,
			);
			path = Groups;
			sourceTree = "<group>";
		};
		DA67118320F3F1E0000F98EB /* ViewControllers */ = {
			isa = PBXGroup;
			children = (
				DA02A70120F3A7EC003C06A4 /* GroupListViewController.swift */,
				DA051E27210752F2003BD4F1 /* PurchaseListViewController.swift */,
				DA265E9D2108E30800C871B3 /* PurchaseViewController.swift */,
			);
			path = ViewControllers;
			sourceTree = "<group>";
		};
		DA67118420F3F215000F98EB /* AddGroup */ = {
			isa = PBXGroup;
			children = (
				DA67118520F3F227000F98EB /* ViewControllers */,
				DAD6B67120F6658500E453DD /* Cells */,
			);
			path = AddGroup;
			sourceTree = "<group>";
		};
		DA67118520F3F227000F98EB /* ViewControllers */ = {
			isa = PBXGroup;
			children = (
				DA02A73620F3AC8A003C06A4 /* AddGroupViewController.swift */,
			);
			path = ViewControllers;
			sourceTree = "<group>";
		};
		DA67118A20F48351000F98EB /* Models */ = {
			isa = PBXGroup;
			children = (
				DA67118B20F48379000F98EB /* Purchase.swift */,
				DA67118F20F48390000F98EB /* Person.swift */,
				DA67118D20F48385000F98EB /* Group.swift */,
			);
			path = Models;
			sourceTree = "<group>";
		};
		DA94DA0F2102026200A4CC65 /* Cells */ = {
			isa = PBXGroup;
			children = (
				DA265E9F2108F30C00C871B3 /* AddItem */,
				DA265E9621075F6400C871B3 /* PurchaseItem */,
				DA94DA122102031200A4CC65 /* GroupCell */,
			);
			path = Cells;
			sourceTree = "<group>";
		};
		DA94DA122102031200A4CC65 /* GroupCell */ = {
			isa = PBXGroup;
			children = (
				DA52934B2122D137002136FC /* GroupCell.swift */,
				DA52934C2122D137002136FC /* GroupCell.xib */,
			);
			name = GroupCell;
			path = FourMembers;
			sourceTree = "<group>";
		};
		DA94DA1F2102347F00A4CC65 /* Views */ = {
			isa = PBXGroup;
			children = (
				DA265EA7210A058900C871B3 /* PurchaseSectionHeader */,
			);
			path = Views;
			sourceTree = "<group>";
		};
		DAD6B67120F6658500E453DD /* Cells */ = {
			isa = PBXGroup;
			children = (
				DA5293512125B170002136FC /* CurrencyControlCell */,
				DAD6B67820F665ED00E453DD /* AddButtonCell */,
				DAD6B67720F665DF00E453DD /* TextFieldCell */,
			);
			path = Cells;
			sourceTree = "<group>";
		};
		DAD6B67720F665DF00E453DD /* TextFieldCell */ = {
			isa = PBXGroup;
			children = (
				DAD6B67220F665BD00E453DD /* NameInputCell.swift */,
				DAD6B67320F665BD00E453DD /* NameInputCell.xib */,
			);
			path = TextFieldCell;
			sourceTree = "<group>";
		};
		DAD6B67820F665ED00E453DD /* AddButtonCell */ = {
			isa = PBXGroup;
			children = (
				DAD6B67920F6661300E453DD /* AddButtonCell.swift */,
				DAD6B67A20F6661300E453DD /* AddButtonCell.xib */,
			);
			path = AddButtonCell;
			sourceTree = "<group>";
		};
		DAD6B68220F7DEF100E453DD /* Common */ = {
			isa = PBXGroup;
			children = (
				DAD6B68520F7E59000E453DD /* Reusable.swift */,
				DA051E2521073C6D003BD4F1 /* Style.swift */,
				DA34F0CB2118B67D003B0D5E /* Constants.swift */,
				DA34F0CD2118BAD4003B0D5E /* Decimal+String.swift */,
			);
			path = Common;
			sourceTree = "<group>";
		};
		DAD6B68720F92D8200E453DD /* Services */ = {
			isa = PBXGroup;
			children = (
				DAD8FA702105BB91009D7049 /* PersonDataService.swift */,
				DA356B43210F027A0076D953 /* DataService.swift */,
				DA8C139421147755002041E4 /* DebtDataService.swift */,
			);
			path = Services;
			sourceTree = "<group>";
		};
/* End PBXGroup section */

/* Begin PBXNativeTarget section */
		DA02A6FB20F3A7EC003C06A4 /* HowMuch */ = {
			isa = PBXNativeTarget;
			buildConfigurationList = DA02A71920F3A7EF003C06A4 /* Build configuration list for PBXNativeTarget "HowMuch" */;
			buildPhases = (
				DA02A6F820F3A7EC003C06A4 /* Sources */,
				DA02A6F920F3A7EC003C06A4 /* Frameworks */,
				DA02A6FA20F3A7EC003C06A4 /* Resources */,
			);
			buildRules = (
			);
			dependencies = (
			);
			name = HowMuch;
			productName = HowMuch;
			productReference = DA02A6FC20F3A7EC003C06A4 /* HowMuch.app */;
			productType = "com.apple.product-type.application";
		};
		DA02A70F20F3A7EF003C06A4 /* HowMuchTests */ = {
			isa = PBXNativeTarget;
			buildConfigurationList = DA02A71C20F3A7EF003C06A4 /* Build configuration list for PBXNativeTarget "HowMuchTests" */;
			buildPhases = (
				DA02A70C20F3A7EF003C06A4 /* Sources */,
				DA02A70D20F3A7EF003C06A4 /* Frameworks */,
				DA02A70E20F3A7EF003C06A4 /* Resources */,
			);
			buildRules = (
			);
			dependencies = (
				DA02A71220F3A7EF003C06A4 /* PBXTargetDependency */,
			);
			name = HowMuchTests;
			productName = HowMuchTests;
			productReference = DA02A71020F3A7EF003C06A4 /* HowMuchTests.xctest */;
			productType = "com.apple.product-type.bundle.unit-test";
		};
/* End PBXNativeTarget section */

/* Begin PBXProject section */
		DA02A6F420F3A7EC003C06A4 /* Project object */ = {
			isa = PBXProject;
			attributes = {
				LastSwiftUpdateCheck = 1000;
				LastUpgradeCheck = 1000;
				ORGANIZATIONNAME = Nemis;
				TargetAttributes = {
					DA02A6FB20F3A7EC003C06A4 = {
						CreatedOnToolsVersion = 10.0;
					};
					DA02A70F20F3A7EF003C06A4 = {
						CreatedOnToolsVersion = 10.0;
						TestTargetID = DA02A6FB20F3A7EC003C06A4;
					};
				};
			};
			buildConfigurationList = DA02A6F720F3A7EC003C06A4 /* Build configuration list for PBXProject "HowMuch" */;
			compatibilityVersion = "Xcode 9.3";
			developmentRegion = en;
			hasScannedForEncodings = 0;
			knownRegions = (
				en,
				Base,
			);
			mainGroup = DA02A6F320F3A7EC003C06A4;
			productRefGroup = DA02A6FD20F3A7EC003C06A4 /* Products */;
			projectDirPath = "";
			projectRoot = "";
			targets = (
				DA02A6FB20F3A7EC003C06A4 /* HowMuch */,
				DA02A70F20F3A7EF003C06A4 /* HowMuchTests */,
			);
		};
/* End PBXProject section */

/* Begin PBXResourcesBuildPhase section */
		DA02A6FA20F3A7EC003C06A4 /* Resources */ = {
			isa = PBXResourcesBuildPhase;
			buildActionMask = 2147483647;
			files = (
				DA265EA32108F9E200C871B3 /* AddItemCell.xib in Resources */,
				DA02A72A20F3AAE2003C06A4 /* Main.storyboard in Resources */,
				DA52934E2122D137002136FC /* GroupCell.xib in Resources */,
				DA02A70A20F3A7EF003C06A4 /* LaunchScreen.storyboard in Resources */,
				DA5293552125B1ED002136FC /* CurrencyControlCell.xib in Resources */,
				DA265E9A21075FF800C871B3 /* PurchaseItemCell.xib in Resources */,
				DA265EAB210A06C300C871B3 /* PurchaseSectionHeaderView.xib in Resources */,
				DAD6B67520F665BD00E453DD /* NameInputCell.xib in Resources */,
				DA02A70720F3A7EF003C06A4 /* HowMuch.xcassets in Resources */,
				DAD6B67C20F6661300E453DD /* AddButtonCell.xib in Resources */,
			);
			runOnlyForDeploymentPostprocessing = 0;
		};
		DA02A70E20F3A7EF003C06A4 /* Resources */ = {
			isa = PBXResourcesBuildPhase;
			buildActionMask = 2147483647;
			files = (
			);
			runOnlyForDeploymentPostprocessing = 0;
		};
/* End PBXResourcesBuildPhase section */

/* Begin PBXSourcesBuildPhase section */
		DA02A6F820F3A7EC003C06A4 /* Sources */ = {
			isa = PBXSourcesBuildPhase;
			buildActionMask = 2147483647;
			files = (
				DA02A73720F3AC8A003C06A4 /* AddGroupViewController.swift in Sources */,
				DA265E9921075FF800C871B3 /* PurchaseItemCell.swift in Sources */,
				DA051E28210752F2003BD4F1 /* PurchaseListViewController.swift in Sources */,
				DA67118C20F48379000F98EB /* Purchase.swift in Sources */,
				DA02A70220F3A7EC003C06A4 /* GroupListViewController.swift in Sources */,
				DA34F0CC2118B67D003B0D5E /* Constants.swift in Sources */,
				DA051E2621073C6D003BD4F1 /* Style.swift in Sources */,
				DA265EA22108F9E200C871B3 /* AddItemCell.swift in Sources */,
				DAD6B68620F7E59000E453DD /* Reusable.swift in Sources */,
				DA265EA9210A05CA00C871B3 /* PurchaseSectionHeaderView.swift in Sources */,
				DA5293542125B1ED002136FC /* CurrencyControlCell.swift in Sources */,
				DA67119020F48390000F98EB /* Person.swift in Sources */,
				DA02A70020F3A7EC003C06A4 /* AppDelegate.swift in Sources */,
				DA265E9E2108E30800C871B3 /* PurchaseViewController.swift in Sources */,
				DA52934D2122D137002136FC /* GroupCell.swift in Sources */,
				DA8C139521147755002041E4 /* DebtDataService.swift in Sources */,
				DAD6B67B20F6661300E453DD /* AddButtonCell.swift in Sources */,
				DA356B44210F027A0076D953 /* DataService.swift in Sources */,
				DA34F0CE2118BAD4003B0D5E /* Decimal+String.swift in Sources */,
				DA67118E20F48385000F98EB /* Group.swift in Sources */,
				DAD6B67420F665BD00E453DD /* NameInputCell.swift in Sources */,
				DAD8FA712105BB91009D7049 /* PersonDataService.swift in Sources */,
			);
			runOnlyForDeploymentPostprocessing = 0;
		};
		DA02A70C20F3A7EF003C06A4 /* Sources */ = {
			isa = PBXSourcesBuildPhase;
			buildActionMask = 2147483647;
			files = (
				DA02A71520F3A7EF003C06A4 /* HowMuchTests.swift in Sources */,
			);
			runOnlyForDeploymentPostprocessing = 0;
		};
/* End PBXSourcesBuildPhase section */

/* Begin PBXTargetDependency section */
		DA02A71220F3A7EF003C06A4 /* PBXTargetDependency */ = {
			isa = PBXTargetDependency;
			target = DA02A6FB20F3A7EC003C06A4 /* HowMuch */;
			targetProxy = DA02A71120F3A7EF003C06A4 /* PBXContainerItemProxy */;
		};
/* End PBXTargetDependency section */

/* Begin PBXVariantGroup section */
		DA02A70820F3A7EF003C06A4 /* LaunchScreen.storyboard */ = {
			isa = PBXVariantGroup;
			children = (
				DA02A70920F3A7EF003C06A4 /* Base */,
			);
			name = LaunchScreen.storyboard;
			sourceTree = "<group>";
		};
/* End PBXVariantGroup section */

/* Begin XCBuildConfiguration section */
		DA02A71720F3A7EF003C06A4 /* Debug */ = {
			isa = XCBuildConfiguration;
			buildSettings = {
				ALWAYS_SEARCH_USER_PATHS = NO;
				CLANG_ANALYZER_NONNULL = YES;
				CLANG_ANALYZER_NUMBER_OBJECT_CONVERSION = YES_AGGRESSIVE;
				CLANG_CXX_LANGUAGE_STANDARD = "gnu++14";
				CLANG_CXX_LIBRARY = "libc++";
				CLANG_ENABLE_MODULES = YES;
				CLANG_ENABLE_OBJC_ARC = YES;
				CLANG_ENABLE_OBJC_WEAK = YES;
				CLANG_WARN_BLOCK_CAPTURE_AUTORELEASING = YES;
				CLANG_WARN_BOOL_CONVERSION = YES;
				CLANG_WARN_COMMA = YES;
				CLANG_WARN_CONSTANT_CONVERSION = YES;
				CLANG_WARN_DEPRECATED_OBJC_IMPLEMENTATIONS = YES;
				CLANG_WARN_DIRECT_OBJC_ISA_USAGE = YES_ERROR;
				CLANG_WARN_DOCUMENTATION_COMMENTS = YES;
				CLANG_WARN_EMPTY_BODY = YES;
				CLANG_WARN_ENUM_CONVERSION = YES;
				CLANG_WARN_INFINITE_RECURSION = YES;
				CLANG_WARN_INT_CONVERSION = YES;
				CLANG_WARN_NON_LITERAL_NULL_CONVERSION = YES;
				CLANG_WARN_OBJC_IMPLICIT_RETAIN_SELF = YES;
				CLANG_WARN_OBJC_LITERAL_CONVERSION = YES;
				CLANG_WARN_OBJC_ROOT_CLASS = YES_ERROR;
				CLANG_WARN_RANGE_LOOP_ANALYSIS = YES;
				CLANG_WARN_STRICT_PROTOTYPES = YES;
				CLANG_WARN_SUSPICIOUS_MOVE = YES;
				CLANG_WARN_UNGUARDED_AVAILABILITY = YES_AGGRESSIVE;
				CLANG_WARN_UNREACHABLE_CODE = YES;
				CLANG_WARN__DUPLICATE_METHOD_MATCH = YES;
				CODE_SIGN_IDENTITY = "iPhone Developer";
				COPY_PHASE_STRIP = NO;
				DEBUG_INFORMATION_FORMAT = dwarf;
				ENABLE_STRICT_OBJC_MSGSEND = YES;
				ENABLE_TESTABILITY = YES;
				GCC_C_LANGUAGE_STANDARD = gnu11;
				GCC_DYNAMIC_NO_PIC = NO;
				GCC_NO_COMMON_BLOCKS = YES;
				GCC_OPTIMIZATION_LEVEL = 0;
				GCC_PREPROCESSOR_DEFINITIONS = (
					"DEBUG=1",
					"$(inherited)",
				);
				GCC_WARN_64_TO_32_BIT_CONVERSION = YES;
				GCC_WARN_ABOUT_RETURN_TYPE = YES_ERROR;
				GCC_WARN_UNDECLARED_SELECTOR = YES;
				GCC_WARN_UNINITIALIZED_AUTOS = YES_AGGRESSIVE;
				GCC_WARN_UNUSED_FUNCTION = YES;
				GCC_WARN_UNUSED_VARIABLE = YES;
				IPHONEOS_DEPLOYMENT_TARGET = 12.0;
				MTL_ENABLE_DEBUG_INFO = INCLUDE_SOURCE;
				ONLY_ACTIVE_ARCH = YES;
				SDKROOT = iphoneos;
				SWIFT_ACTIVE_COMPILATION_CONDITIONS = DEBUG;
				SWIFT_OPTIMIZATION_LEVEL = "-Onone";
			};
			name = Debug;
		};
		DA02A71820F3A7EF003C06A4 /* Release */ = {
			isa = XCBuildConfiguration;
			buildSettings = {
				ALWAYS_SEARCH_USER_PATHS = NO;
				CLANG_ANALYZER_NONNULL = YES;
				CLANG_ANALYZER_NUMBER_OBJECT_CONVERSION = YES_AGGRESSIVE;
				CLANG_CXX_LANGUAGE_STANDARD = "gnu++14";
				CLANG_CXX_LIBRARY = "libc++";
				CLANG_ENABLE_MODULES = YES;
				CLANG_ENABLE_OBJC_ARC = YES;
				CLANG_ENABLE_OBJC_WEAK = YES;
				CLANG_WARN_BLOCK_CAPTURE_AUTORELEASING = YES;
				CLANG_WARN_BOOL_CONVERSION = YES;
				CLANG_WARN_COMMA = YES;
				CLANG_WARN_CONSTANT_CONVERSION = YES;
				CLANG_WARN_DEPRECATED_OBJC_IMPLEMENTATIONS = YES;
				CLANG_WARN_DIRECT_OBJC_ISA_USAGE = YES_ERROR;
				CLANG_WARN_DOCUMENTATION_COMMENTS = YES;
				CLANG_WARN_EMPTY_BODY = YES;
				CLANG_WARN_ENUM_CONVERSION = YES;
				CLANG_WARN_INFINITE_RECURSION = YES;
				CLANG_WARN_INT_CONVERSION = YES;
				CLANG_WARN_NON_LITERAL_NULL_CONVERSION = YES;
				CLANG_WARN_OBJC_IMPLICIT_RETAIN_SELF = YES;
				CLANG_WARN_OBJC_LITERAL_CONVERSION = YES;
				CLANG_WARN_OBJC_ROOT_CLASS = YES_ERROR;
				CLANG_WARN_RANGE_LOOP_ANALYSIS = YES;
				CLANG_WARN_STRICT_PROTOTYPES = YES;
				CLANG_WARN_SUSPICIOUS_MOVE = YES;
				CLANG_WARN_UNGUARDED_AVAILABILITY = YES_AGGRESSIVE;
				CLANG_WARN_UNREACHABLE_CODE = YES;
				CLANG_WARN__DUPLICATE_METHOD_MATCH = YES;
				CODE_SIGN_IDENTITY = "iPhone Developer";
				COPY_PHASE_STRIP = NO;
				DEBUG_INFORMATION_FORMAT = "dwarf-with-dsym";
				ENABLE_NS_ASSERTIONS = NO;
				ENABLE_STRICT_OBJC_MSGSEND = YES;
				GCC_C_LANGUAGE_STANDARD = gnu11;
				GCC_NO_COMMON_BLOCKS = YES;
				GCC_WARN_64_TO_32_BIT_CONVERSION = YES;
				GCC_WARN_ABOUT_RETURN_TYPE = YES_ERROR;
				GCC_WARN_UNDECLARED_SELECTOR = YES;
				GCC_WARN_UNINITIALIZED_AUTOS = YES_AGGRESSIVE;
				GCC_WARN_UNUSED_FUNCTION = YES;
				GCC_WARN_UNUSED_VARIABLE = YES;
				IPHONEOS_DEPLOYMENT_TARGET = 12.0;
				MTL_ENABLE_DEBUG_INFO = NO;
				SDKROOT = iphoneos;
				SWIFT_COMPILATION_MODE = wholemodule;
				SWIFT_OPTIMIZATION_LEVEL = "-O";
				VALIDATE_PRODUCT = YES;
			};
			name = Release;
		};
		DA02A71A20F3A7EF003C06A4 /* Debug */ = {
			isa = XCBuildConfiguration;
			buildSettings = {
				ASSETCATALOG_COMPILER_APPICON_NAME = AppIcon;
				CODE_SIGN_STYLE = Automatic;
				DEVELOPMENT_TEAM = NFW59Q7524;
				INFOPLIST_FILE = HowMuch/Info.plist;
				IPHONEOS_DEPLOYMENT_TARGET = 11.4;
				LD_RUNPATH_SEARCH_PATHS = (
					"$(inherited)",
					"@executable_path/Frameworks",
				);
				PRODUCT_BUNDLE_IDENTIFIER = nemis.HowMuch;
				PRODUCT_NAME = "$(TARGET_NAME)";
				SWIFT_VERSION = 4.0;
				TARGETED_DEVICE_FAMILY = "1,2";
			};
			name = Debug;
		};
		DA02A71B20F3A7EF003C06A4 /* Release */ = {
			isa = XCBuildConfiguration;
			buildSettings = {
				ASSETCATALOG_COMPILER_APPICON_NAME = AppIcon;
				CODE_SIGN_STYLE = Automatic;
				DEVELOPMENT_TEAM = NFW59Q7524;
				INFOPLIST_FILE = HowMuch/Info.plist;
				IPHONEOS_DEPLOYMENT_TARGET = 11.4;
				LD_RUNPATH_SEARCH_PATHS = (
					"$(inherited)",
					"@executable_path/Frameworks",
				);
				PRODUCT_BUNDLE_IDENTIFIER = nemis.HowMuch;
				PRODUCT_NAME = "$(TARGET_NAME)";
				SWIFT_VERSION = 4.0;
				TARGETED_DEVICE_FAMILY = "1,2";
			};
			name = Release;
		};
		DA02A71D20F3A7EF003C06A4 /* Debug */ = {
			isa = XCBuildConfiguration;
			buildSettings = {
				ALWAYS_EMBED_SWIFT_STANDARD_LIBRARIES = YES;
				BUNDLE_LOADER = "$(TEST_HOST)";
				CODE_SIGN_STYLE = Automatic;
				DEVELOPMENT_TEAM = NFW59Q7524;
				INFOPLIST_FILE = HowMuchTests/Info.plist;
				LD_RUNPATH_SEARCH_PATHS = (
					"$(inherited)",
					"@executable_path/Frameworks",
					"@loader_path/Frameworks",
				);
				PRODUCT_BUNDLE_IDENTIFIER = nemis.HowMuchTests;
				PRODUCT_NAME = "$(TARGET_NAME)";
				SWIFT_VERSION = 4.2;
				TARGETED_DEVICE_FAMILY = "1,2";
				TEST_HOST = "$(BUILT_PRODUCTS_DIR)/HowMuch.app/HowMuch";
			};
			name = Debug;
		};
		DA02A71E20F3A7EF003C06A4 /* Release */ = {
			isa = XCBuildConfiguration;
			buildSettings = {
				ALWAYS_EMBED_SWIFT_STANDARD_LIBRARIES = YES;
				BUNDLE_LOADER = "$(TEST_HOST)";
				CODE_SIGN_STYLE = Automatic;
				DEVELOPMENT_TEAM = NFW59Q7524;
				INFOPLIST_FILE = HowMuchTests/Info.plist;
				LD_RUNPATH_SEARCH_PATHS = (
					"$(inherited)",
					"@executable_path/Frameworks",
					"@loader_path/Frameworks",
				);
				PRODUCT_BUNDLE_IDENTIFIER = nemis.HowMuchTests;
				PRODUCT_NAME = "$(TARGET_NAME)";
				SWIFT_VERSION = 4.2;
				TARGETED_DEVICE_FAMILY = "1,2";
				TEST_HOST = "$(BUILT_PRODUCTS_DIR)/HowMuch.app/HowMuch";
			};
			name = Release;
		};
/* End XCBuildConfiguration section */

/* Begin XCConfigurationList section */
		DA02A6F720F3A7EC003C06A4 /* Build configuration list for PBXProject "HowMuch" */ = {
			isa = XCConfigurationList;
			buildConfigurations = (
				DA02A71720F3A7EF003C06A4 /* Debug */,
				DA02A71820F3A7EF003C06A4 /* Release */,
			);
			defaultConfigurationIsVisible = 0;
			defaultConfigurationName = Release;
		};
		DA02A71920F3A7EF003C06A4 /* Build configuration list for PBXNativeTarget "HowMuch" */ = {
			isa = XCConfigurationList;
			buildConfigurations = (
				DA02A71A20F3A7EF003C06A4 /* Debug */,
				DA02A71B20F3A7EF003C06A4 /* Release */,
			);
			defaultConfigurationIsVisible = 0;
			defaultConfigurationName = Release;
		};
		DA02A71C20F3A7EF003C06A4 /* Build configuration list for PBXNativeTarget "HowMuchTests" */ = {
			isa = XCConfigurationList;
			buildConfigurations = (
				DA02A71D20F3A7EF003C06A4 /* Debug */,
				DA02A71E20F3A7EF003C06A4 /* Release */,
			);
			defaultConfigurationIsVisible = 0;
			defaultConfigurationName = Release;
		};
/* End XCConfigurationList section */
	};
	rootObject = DA02A6F420F3A7EC003C06A4 /* Project object */;
}
